
Microsoft Visual Studio Solution File, Format Version 12.00
# Visual Studio Version 17
VisualStudioVersion = 17.5.33627.172
MinimumVisualStudioVersion = 10.0.40219.1
Project("{9A19103F-16F7-4668-BE54-9A1E7A4F7556}") = "FrontOffice V.7", "CNET.FrontOffice V.7\FrontOffice V.7.csproj", "{6BCE38B7-2B17-4470-8878-113A319B34F5}"
EndProject
Project("{9A19103F-16F7-4668-BE54-9A1E7A4F7556}") = "API.Manager", "..\CNET.API.Manager\API.Manager.csproj", "{1C08AF36-84E1-42DF-A147-A4A274AEB6EB}"
EndProject
Project("{9A19103F-16F7-4668-BE54-9A1E7A4F7556}") = "FP.Tool", "..\CNET.FP.Tool\FP.Tool.csproj", "{CFFADCC8-E3A5-4690-A769-393B6B9CE606}"
EndProject
Project("{9A19103F-16F7-4668-BE54-9A1E7A4F7556}") = "DocumentPrint", "DocumentPrint\DocumentPrint.csproj", "{7101D1A8-F60F-4C02-B221-EC43716E81A3}"
EndProject
Project("{9A19103F-16F7-4668-BE54-9A1E7A4F7556}") = "V7PassportOCR", "..\V7PassportOCR\V7PassportOCR\V7PassportOCR.csproj", "{C7C99082-1A89-4238-BAE6-545FF3AF01CA}"
EndProject
Project("{9A19103F-16F7-4668-BE54-9A1E7A4F7556}") = "ScribbleWinTab", "..\ScribbleWinTab\ScribbleWinTab\ScribbleWinTab.csproj", "{EE9E2A59-1E3A-4AE0-8224-044E5837D1FB}"
EndProject
Project("{9A19103F-16F7-4668-BE54-9A1E7A4F7556}") = "CNET.POS.FiscalPrinter", "..\CNET.POS.FiscalPrinter\CNET.POS.FiscalPrinter.csproj", "{8E7AE768-7DEB-4354-9F98-1F0D0F50E3B5}"
EndProject
Project("{9A19103F-16F7-4668-BE54-9A1E7A4F7556}") = "ProcessManager", "ProcessManager\ProcessManager.csproj", "{19991AD5-E838-4E5A-93DE-0AFC7CBDB7BA}"
EndProject
Project("{9A19103F-16F7-4668-BE54-9A1E7A4F7556}") = "LocalBuffer", "LocalBuffer\LocalBuffer.csproj", "{A7326DAA-F586-43D2-98C7-174DBEFE3785}"
EndProject
Project("{9A19103F-16F7-4668-BE54-9A1E7A4F7556}") = "FTPInterface", "FTPInterface\FTPInterface.csproj", "{B1B5A34A-E9BA-4B20-AF96-49612AE7CAFF}"
EndProject
Project("{9A19103F-16F7-4668-BE54-9A1E7A4F7556}") = "ERP.EventManagement", "ERP.EventManagement\ERP.EventManagement\ERP.EventManagement.csproj", "{2F91E9F9-FA6E-4038-AF39-6930DE3C966A}"
EndProject
Global
	GlobalSection(SolutionConfigurationPlatforms) = preSolution
		Debug|Any CPU = Debug|Any CPU
		Debug|x64 = Debug|x64
		Debug|x86 = Debug|x86
		Release|Any CPU = Release|Any CPU
		Release|x64 = Release|x64
		Release|x86 = Release|x86
	EndGlobalSection
	GlobalSection(ProjectConfigurationPlatforms) = postSolution
		{6BCE38B7-2B17-4470-8878-113A319B34F5}.Debug|Any CPU.ActiveCfg = Debug|Any CPU
		{6BCE38B7-2B17-4470-8878-113A319B34F5}.Debug|Any CPU.Build.0 = Debug|Any CPU
		{6BCE38B7-2B17-4470-8878-113A319B34F5}.Debug|x64.ActiveCfg = Debug|Any CPU
		{6BCE38B7-2B17-4470-8878-113A319B34F5}.Debug|x64.Build.0 = Debug|Any CPU
		{6BCE38B7-2B17-4470-8878-113A319B34F5}.Debug|x86.ActiveCfg = Debug|Any CPU
		{6BCE38B7-2B17-4470-8878-113A319B34F5}.Debug|x86.Build.0 = Debug|Any CPU
		{6BCE38B7-2B17-4470-8878-113A319B34F5}.Release|Any CPU.ActiveCfg = Release|Any CPU
		{6BCE38B7-2B17-4470-8878-113A319B34F5}.Release|Any CPU.Build.0 = Release|Any CPU
		{6BCE38B7-2B17-4470-8878-113A319B34F5}.Release|x64.ActiveCfg = Release|Any CPU
		{6BCE38B7-2B17-4470-8878-113A319B34F5}.Release|x64.Build.0 = Release|Any CPU
		{6BCE38B7-2B17-4470-8878-113A319B34F5}.Release|x86.ActiveCfg = Release|Any CPU
		{6BCE38B7-2B17-4470-8878-113A319B34F5}.Release|x86.Build.0 = Release|Any CPU
		{1C08AF36-84E1-42DF-A147-A4A274AEB6EB}.Debug|Any CPU.ActiveCfg = Debug|Any CPU
		{1C08AF36-84E1-42DF-A147-A4A274AEB6EB}.Debug|Any CPU.Build.0 = Debug|Any CPU
		{1C08AF36-84E1-42DF-A147-A4A274AEB6EB}.Debug|x64.ActiveCfg = Debug|Any CPU
		{1C08AF36-84E1-42DF-A147-A4A274AEB6EB}.Debug|x64.Build.0 = Debug|Any CPU
		{1C08AF36-84E1-42DF-A147-A4A274AEB6EB}.Debug|x86.ActiveCfg = Debug|Any CPU
		{1C08AF36-84E1-42DF-A147-A4A274AEB6EB}.Debug|x86.Build.0 = Debug|Any CPU
		{1C08AF36-84E1-42DF-A147-A4A274AEB6EB}.Release|Any CPU.ActiveCfg = Release|Any CPU
		{1C08AF36-84E1-42DF-A147-A4A274AEB6EB}.Release|Any CPU.Build.0 = Release|Any CPU
		{1C08AF36-84E1-42DF-A147-A4A274AEB6EB}.Release|x64.ActiveCfg = Release|Any CPU
		{1C08AF36-84E1-42DF-A147-A4A274AEB6EB}.Release|x64.Build.0 = Release|Any CPU
		{1C08AF36-84E1-42DF-A147-A4A274AEB6EB}.Release|x86.ActiveCfg = Release|Any CPU
		{1C08AF36-84E1-42DF-A147-A4A274AEB6EB}.Release|x86.Build.0 = Release|Any CPU
		{CFFADCC8-E3A5-4690-A769-393B6B9CE606}.Debug|Any CPU.ActiveCfg = Debug|Any CPU
		{CFFADCC8-E3A5-4690-A769-393B6B9CE606}.Debug|Any CPU.Build.0 = Debug|Any CPU
		{CFFADCC8-E3A5-4690-A769-393B6B9CE606}.Debug|x64.ActiveCfg = Debug|Any CPU
		{CFFADCC8-E3A5-4690-A769-393B6B9CE606}.Debug|x64.Build.0 = Debug|Any CPU
		{CFFADCC8-E3A5-4690-A769-393B6B9CE606}.Debug|x86.ActiveCfg = Debug|Any CPU
		{CFFADCC8-E3A5-4690-A769-393B6B9CE606}.Debug|x86.Build.0 = Debug|Any CPU
		{CFFADCC8-E3A5-4690-A769-393B6B9CE606}.Release|Any CPU.ActiveCfg = Release|Any CPU
		{CFFADCC8-E3A5-4690-A769-393B6B9CE606}.Release|Any CPU.Build.0 = Release|Any CPU
		{CFFADCC8-E3A5-4690-A769-393B6B9CE606}.Release|x64.ActiveCfg = Release|Any CPU
		{CFFADCC8-E3A5-4690-A769-393B6B9CE606}.Release|x64.Build.0 = Release|Any CPU
		{CFFADCC8-E3A5-4690-A769-393B6B9CE606}.Release|x86.ActiveCfg = Release|Any CPU
		{CFFADCC8-E3A5-4690-A769-393B6B9CE606}.Release|x86.Build.0 = Release|Any CPU
		{7101D1A8-F60F-4C02-B221-EC43716E81A3}.Debug|Any CPU.ActiveCfg = Debug|Any CPU
		{7101D1A8-F60F-4C02-B221-EC43716E81A3}.Debug|Any CPU.Build.0 = Debug|Any CPU
		{7101D1A8-F60F-4C02-B221-EC43716E81A3}.Debug|x64.ActiveCfg = Debug|Any CPU
		{7101D1A8-F60F-4C02-B221-EC43716E81A3}.Debug|x64.Build.0 = Debug|Any CPU
		{7101D1A8-F60F-4C02-B221-EC43716E81A3}.Debug|x86.ActiveCfg = Debug|Any CPU
		{7101D1A8-F60F-4C02-B221-EC43716E81A3}.Debug|x86.Build.0 = Debug|Any CPU
		{7101D1A8-F60F-4C02-B221-EC43716E81A3}.Release|Any CPU.ActiveCfg = Release|Any CPU
		{7101D1A8-F60F-4C02-B221-EC43716E81A3}.Release|Any CPU.Build.0 = Release|Any CPU
		{7101D1A8-F60F-4C02-B221-EC43716E81A3}.Release|x64.ActiveCfg = Release|Any CPU
		{7101D1A8-F60F-4C02-B221-EC43716E81A3}.Release|x64.Build.0 = Release|Any CPU
		{7101D1A8-F60F-4C02-B221-EC43716E81A3}.Release|x86.ActiveCfg = Release|Any CPU
		{7101D1A8-F60F-4C02-B221-EC43716E81A3}.Release|x86.Build.0 = Release|Any CPU
		{C7C99082-1A89-4238-BAE6-545FF3AF01CA}.Debug|Any CPU.ActiveCfg = Debug|Any CPU
		{C7C99082-1A89-4238-BAE6-545FF3AF01CA}.Debug|Any CPU.Build.0 = Debug|Any CPU
		{C7C99082-1A89-4238-BAE6-545FF3AF01CA}.Debug|x64.ActiveCfg = Debug|Any CPU
		{C7C99082-1A89-4238-BAE6-545FF3AF01CA}.Debug|x64.Build.0 = Debug|Any CPU
		{C7C99082-1A89-4238-BAE6-545FF3AF01CA}.Debug|x86.ActiveCfg = Debug|Any CPU
		{C7C99082-1A89-4238-BAE6-545FF3AF01CA}.Debug|x86.Build.0 = Debug|Any CPU
		{C7C99082-1A89-4238-BAE6-545FF3AF01CA}.Release|Any CPU.ActiveCfg = Release|Any CPU
		{C7C99082-1A89-4238-BAE6-545FF3AF01CA}.Release|Any CPU.Build.0 = Release|Any CPU
		{C7C99082-1A89-4238-BAE6-545FF3AF01CA}.Release|x64.ActiveCfg = Release|Any CPU
		{C7C99082-1A89-4238-BAE6-545FF3AF01CA}.Release|x64.Build.0 = Release|Any CPU
		{C7C99082-1A89-4238-BAE6-545FF3AF01CA}.Release|x86.ActiveCfg = Release|Any CPU
		{C7C99082-1A89-4238-BAE6-545FF3AF01CA}.Release|x86.Build.0 = Release|Any CPU
		{EE9E2A59-1E3A-4AE0-8224-044E5837D1FB}.Debug|Any CPU.ActiveCfg = Debug|Any CPU
		{EE9E2A59-1E3A-4AE0-8224-044E5837D1FB}.Debug|Any CPU.Build.0 = Debug|Any CPU
		{EE9E2A59-1E3A-4AE0-8224-044E5837D1FB}.Debug|x64.ActiveCfg = Debug|Any CPU
		{EE9E2A59-1E3A-4AE0-8224-044E5837D1FB}.Debug|x64.Build.0 = Debug|Any CPU
		{EE9E2A59-1E3A-4AE0-8224-044E5837D1FB}.Debug|x86.ActiveCfg = Debug|Any CPU
		{EE9E2A59-1E3A-4AE0-8224-044E5837D1FB}.Debug|x86.Build.0 = Debug|Any CPU
		{EE9E2A59-1E3A-4AE0-8224-044E5837D1FB}.Release|Any CPU.ActiveCfg = Release|Any CPU
		{EE9E2A59-1E3A-4AE0-8224-044E5837D1FB}.Release|Any CPU.Build.0 = Release|Any CPU
		{EE9E2A59-1E3A-4AE0-8224-044E5837D1FB}.Release|x64.ActiveCfg = Release|Any CPU
		{EE9E2A59-1E3A-4AE0-8224-044E5837D1FB}.Release|x64.Build.0 = Release|Any CPU
		{EE9E2A59-1E3A-4AE0-8224-044E5837D1FB}.Release|x86.ActiveCfg = Release|Any CPU
		{EE9E2A59-1E3A-4AE0-8224-044E5837D1FB}.Release|x86.Build.0 = Release|Any CPU
		{8E7AE768-7DEB-4354-9F98-1F0D0F50E3B5}.Debug|Any CPU.ActiveCfg = Debug|Any CPU
		{8E7AE768-7DEB-4354-9F98-1F0D0F50E3B5}.Debug|Any CPU.Build.0 = Debug|Any CPU
		{8E7AE768-7DEB-4354-9F98-1F0D0F50E3B5}.Debug|x64.ActiveCfg = Debug|Any CPU
		{8E7AE768-7DEB-4354-9F98-1F0D0F50E3B5}.Debug|x64.Build.0 = Debug|Any CPU
		{8E7AE768-7DEB-4354-9F98-1F0D0F50E3B5}.Debug|x86.ActiveCfg = Debug|Any CPU
		{8E7AE768-7DEB-4354-9F98-1F0D0F50E3B5}.Debug|x86.Build.0 = Debug|Any CPU
		{8E7AE768-7DEB-4354-9F98-1F0D0F50E3B5}.Release|Any CPU.ActiveCfg = Release|Any CPU
		{8E7AE768-7DEB-4354-9F98-1F0D0F50E3B5}.Release|Any CPU.Build.0 = Release|Any CPU
		{8E7AE768-7DEB-4354-9F98-1F0D0F50E3B5}.Release|x64.ActiveCfg = Release|Any CPU
		{8E7AE768-7DEB-4354-9F98-1F0D0F50E3B5}.Release|x64.Build.0 = Release|Any CPU
		{8E7AE768-7DEB-4354-9F98-1F0D0F50E3B5}.Release|x86.ActiveCfg = Release|Any CPU
		{8E7AE768-7DEB-4354-9F98-1F0D0F50E3B5}.Release|x86.Build.0 = Release|Any CPU
		{19991AD5-E838-4E5A-93DE-0AFC7CBDB7BA}.Debug|Any CPU.ActiveCfg = Debug|Any CPU
		{19991AD5-E838-4E5A-93DE-0AFC7CBDB7BA}.Debug|Any CPU.Build.0 = Debug|Any CPU
		{19991AD5-E838-4E5A-93DE-0AFC7CBDB7BA}.Debug|x64.ActiveCfg = Debug|Any CPU
		{19991AD5-E838-4E5A-93DE-0AFC7CBDB7BA}.Debug|x64.Build.0 = Debug|Any CPU
		{19991AD5-E838-4E5A-93DE-0AFC7CBDB7BA}.Debug|x86.ActiveCfg = Debug|Any CPU
		{19991AD5-E838-4E5A-93DE-0AFC7CBDB7BA}.Debug|x86.Build.0 = Debug|Any CPU
		{19991AD5-E838-4E5A-93DE-0AFC7CBDB7BA}.Release|Any CPU.ActiveCfg = Release|Any CPU
		{19991AD5-E838-4E5A-93DE-0AFC7CBDB7BA}.Release|Any CPU.Build.0 = Release|Any CPU
		{19991AD5-E838-4E5A-93DE-0AFC7CBDB7BA}.Release|x64.ActiveCfg = Release|Any CPU
		{19991AD5-E838-4E5A-93DE-0AFC7CBDB7BA}.Release|x64.Build.0 = Release|Any CPU
		{19991AD5-E838-4E5A-93DE-0AFC7CBDB7BA}.Release|x86.ActiveCfg = Release|Any CPU
		{19991AD5-E838-4E5A-93DE-0AFC7CBDB7BA}.Release|x86.Build.0 = Release|Any CPU
		{A7326DAA-F586-43D2-98C7-174DBEFE3785}.Debug|Any CPU.ActiveCfg = Debug|Any CPU
		{A7326DAA-F586-43D2-98C7-174DBEFE3785}.Debug|Any CPU.Build.0 = Debug|Any CPU
		{A7326DAA-F586-43D2-98C7-174DBEFE3785}.Debug|x64.ActiveCfg = Debug|Any CPU
		{A7326DAA-F586-43D2-98C7-174DBEFE3785}.Debug|x64.Build.0 = Debug|Any CPU
		{A7326DAA-F586-43D2-98C7-174DBEFE3785}.Debug|x86.ActiveCfg = Debug|Any CPU
		{A7326DAA-F586-43D2-98C7-174DBEFE3785}.Debug|x86.Build.0 = Debug|Any CPU
		{A7326DAA-F586-43D2-98C7-174DBEFE3785}.Release|Any CPU.ActiveCfg = Release|Any CPU
		{A7326DAA-F586-43D2-98C7-174DBEFE3785}.Release|Any CPU.Build.0 = Release|Any CPU
		{A7326DAA-F586-43D2-98C7-174DBEFE3785}.Release|x64.ActiveCfg = Release|Any CPU
		{A7326DAA-F586-43D2-98C7-174DBEFE3785}.Release|x64.Build.0 = Release|Any CPU
		{A7326DAA-F586-43D2-98C7-174DBEFE3785}.Release|x86.ActiveCfg = Release|Any CPU
		{A7326DAA-F586-43D2-98C7-174DBEFE3785}.Release|x86.Build.0 = Release|Any CPU
		{B1B5A34A-E9BA-4B20-AF96-49612AE7CAFF}.Debug|Any CPU.ActiveCfg = Debug|Any CPU
		{B1B5A34A-E9BA-4B20-AF96-49612AE7CAFF}.Debug|Any CPU.Build.0 = Debug|Any CPU
		{B1B5A34A-E9BA-4B20-AF96-49612AE7CAFF}.Debug|x64.ActiveCfg = Debug|Any CPU
		{B1B5A34A-E9BA-4B20-AF96-49612AE7CAFF}.Debug|x64.Build.0 = Debug|Any CPU
		{B1B5A34A-E9BA-4B20-AF96-49612AE7CAFF}.Debug|x86.ActiveCfg = Debug|Any CPU
		{B1B5A34A-E9BA-4B20-AF96-49612AE7CAFF}.Debug|x86.Build.0 = Debug|Any CPU
		{B1B5A34A-E9BA-4B20-AF96-49612AE7CAFF}.Release|Any CPU.ActiveCfg = Release|Any CPU
		{B1B5A34A-E9BA-4B20-AF96-49612AE7CAFF}.Release|Any CPU.Build.0 = Release|Any CPU
		{B1B5A34A-E9BA-4B20-AF96-49612AE7CAFF}.Release|x64.ActiveCfg = Release|Any CPU
		{B1B5A34A-E9BA-4B20-AF96-49612AE7CAFF}.Release|x64.Build.0 = Release|Any CPU
		{B1B5A34A-E9BA-4B20-AF96-49612AE7CAFF}.Release|x86.ActiveCfg = Release|Any CPU
		{B1B5A34A-E9BA-4B20-AF96-49612AE7CAFF}.Release|x86.Build.0 = Release|Any CPU
		{2F91E9F9-FA6E-4038-AF39-6930DE3C966A}.Debug|Any CPU.ActiveCfg = Debug|Any CPU
		{2F91E9F9-FA6E-4038-AF39-6930DE3C966A}.Debug|Any CPU.Build.0 = Debug|Any CPU
		{2F91E9F9-FA6E-4038-AF39-6930DE3C966A}.Debug|x64.ActiveCfg = Debug|Any CPU
		{2F91E9F9-FA6E-4038-AF39-6930DE3C966A}.Debug|x64.Build.0 = Debug|Any CPU
		{2F91E9F9-FA6E-4038-AF39-6930DE3C966A}.Debug|x86.ActiveCfg = Debug|Any CPU
		{2F91E9F9-FA6E-4038-AF39-6930DE3C966A}.Debug|x86.Build.0 = Debug|Any CPU
		{2F91E9F9-FA6E-4038-AF39-6930DE3C966A}.Release|Any CPU.ActiveCfg = Release|Any CPU
		{2F91E9F9-FA6E-4038-AF39-6930DE3C966A}.Release|Any CPU.Build.0 = Release|Any CPU
		{2F91E9F9-FA6E-4038-AF39-6930DE3C966A}.Release|x64.ActiveCfg = Release|Any CPU
		{2F91E9F9-FA6E-4038-AF39-6930DE3C966A}.Release|x64.Build.0 = Release|Any CPU
		{2F91E9F9-FA6E-4038-AF39-6930DE3C966A}.Release|x86.ActiveCfg = Release|Any CPU
		{2F91E9F9-FA6E-4038-AF39-6930DE3C966A}.Release|x86.Build.0 = Release|Any CPU
	EndGlobalSection
	GlobalSection(SolutionProperties) = preSolution
		HideSolutionNode = FALSE
	EndGlobalSection
	GlobalSection(ExtensibilityGlobals) = postSolution
		SolutionGuid = {6E3F3AF6-C07D-48A2-B996-A6DE731CF705}
	EndGlobalSection
EndGlobal
