
Microsoft Visual Studio Solution File, Format Version 12.00
# Visual Studio Version 17
VisualStudioVersion = 17.6.33829.357
MinimumVisualStudioVersion = 10.0.40219.1
Project("{9A19103F-16F7-4668-BE54-9A1E7A4F7556}") = "ERP.EventManagement", "ERP.EventManagement\ERP.EventManagement.csproj", "{C5AB9722-FF1B-4279-8DB5-EE2098888238}"
EndProject
Project("{9A19103F-16F7-4668-BE54-9A1E7A4F7556}") = "ProcessManager", "..\ProcessManager\ProcessManager.csproj", "{3E874729-ECDF-41E0-932E-2DEB14558449}"
EndProject
Project("{9A19103F-16F7-4668-BE54-9A1E7A4F7556}") = "API.Manager", "..\..\CNET.API.Manager\API.Manager.csproj", "{0D713B58-86FD-4032-B432-355A2D3DFB22}"
EndProject
Global
	GlobalSection(SolutionConfigurationPlatforms) = preSolution
		Debug|Any CPU = Debug|Any CPU
		Release|Any CPU = Release|Any CPU
	EndGlobalSection
	GlobalSection(ProjectConfigurationPlatforms) = postSolution
		{C5AB9722-FF1B-4279-8DB5-EE2098888238}.Debug|Any CPU.ActiveCfg = Debug|Any CPU
		{C5AB9722-FF1B-4279-8DB5-EE2098888238}.Debug|Any CPU.Build.0 = Debug|Any CPU
		{C5AB9722-FF1B-4279-8DB5-EE2098888238}.Release|Any CPU.ActiveCfg = Release|Any CPU
		{C5AB9722-FF1B-4279-8DB5-EE2098888238}.Release|Any CPU.Build.0 = Release|Any CPU
		{3E874729-ECDF-41E0-932E-2DEB14558449}.Debug|Any CPU.ActiveCfg = Debug|Any CPU
		{3E874729-ECDF-41E0-932E-2DEB14558449}.Debug|Any CPU.Build.0 = Debug|Any CPU
		{3E874729-ECDF-41E0-932E-2DEB14558449}.Release|Any CPU.ActiveCfg = Release|Any CPU
		{3E874729-ECDF-41E0-932E-2DEB14558449}.Release|Any CPU.Build.0 = Release|Any CPU
		{0D713B58-86FD-4032-B432-355A2D3DFB22}.Debug|Any CPU.ActiveCfg = Debug|Any CPU
		{0D713B58-86FD-4032-B432-355A2D3DFB22}.Debug|Any CPU.Build.0 = Debug|Any CPU
		{0D713B58-86FD-4032-B432-355A2D3DFB22}.Release|Any CPU.ActiveCfg = Release|Any CPU
		{0D713B58-86FD-4032-B432-355A2D3DFB22}.Release|Any CPU.Build.0 = Release|Any CPU
	EndGlobalSection
	GlobalSection(SolutionProperties) = preSolution
		HideSolutionNode = FALSE
	EndGlobalSection
	GlobalSection(ExtensibilityGlobals) = postSolution
		SolutionGuid = {DAF2F825-5A92-4004-904F-ABED1DE5AC88}
	EndGlobalSection
EndGlobal
